
Microsoft Visual Studio Solution File, Format Version 12.00
# Visual Studio Version 17
VisualStudioVersion = 17.1.32421.90
MinimumVisualStudioVersion = 10.0.40219.1
Project("{FAE04EC0-301F-11D3-BF4B-00C04F79EFBC}") = "LibraryBank", "LibraryBank\LibraryBank.csproj", "{FCCE7D65-00DA-4FA7-8584-5071F42DCBD1}"
EndProject
Project("{FAE04EC0-301F-11D3-BF4B-00C04F79EFBC}") = "WindowsFormsBankApp", "WindowsFormsBankApp\WindowsFormsBankApp.csproj", "{2353A391-DD4D-45B9-BF1F-3912B7A13C3B}"
EndProject
Global
	GlobalSection(SolutionConfigurationPlatforms) = preSolution
		Debug|Any CPU = Debug|Any CPU
		Release|Any CPU = Release|Any CPU
	EndGlobalSection
	GlobalSection(ProjectConfigurationPlatforms) = postSolution
		{FCCE7D65-00DA-4FA7-8584-5071F42DCBD1}.Debug|Any CPU.ActiveCfg = Debug|Any CPU
		{FCCE7D65-00DA-4FA7-8584-5071F42DCBD1}.Debug|Any CPU.Build.0 = Debug|Any CPU
		{FCCE7D65-00DA-4FA7-8584-5071F42DCBD1}.Release|Any CPU.ActiveCfg = Release|Any CPU
		{FCCE7D65-00DA-4FA7-8584-5071F42DCBD1}.Release|Any CPU.Build.0 = Release|Any CPU
		{2353A391-DD4D-45B9-BF1F-3912B7A13C3B}.Debug|Any CPU.ActiveCfg = Debug|Any CPU
		{2353A391-DD4D-45B9-BF1F-3912B7A13C3B}.Debug|Any CPU.Build.0 = Debug|Any CPU
		{2353A391-DD4D-45B9-BF1F-3912B7A13C3B}.Release|Any CPU.ActiveCfg = Release|Any CPU
		{2353A391-DD4D-45B9-BF1F-3912B7A13C3B}.Release|Any CPU.Build.0 = Release|Any CPU
	EndGlobalSection
	GlobalSection(SolutionProperties) = preSolution
		HideSolutionNode = FALSE
	EndGlobalSection
	GlobalSection(ExtensibilityGlobals) = postSolution
		SolutionGuid = {289F173F-B74E-476A-9EA5-58DC8B1A5ED1}
	EndGlobalSection
EndGlobal
